
Microsoft Visual Studio Solution File, Format Version 12.00
# Visual Studio Version 17
VisualStudioVersion = 17.14.36518.9 d17.14
MinimumVisualStudioVersion = 10.0.40219.1
Project("{FAE04EC0-301F-11D3-BF4B-00C04F79EFBC}") = "Ejercicio Api 2210", "Ejercicio Api 2210\Ejercicio Api 2210.csproj", "{FB628CA9-5021-4817-8DBF-E1F49BE2A2BC}"
EndProject
Global
	GlobalSection(SolutionConfigurationPlatforms) = preSolution
		Debug|Any CPU = Debug|Any CPU
		Release|Any CPU = Release|Any CPU
	EndGlobalSection
	GlobalSection(ProjectConfigurationPlatforms) = postSolution
		{FB628CA9-5021-4817-8DBF-E1F49BE2A2BC}.Debug|Any CPU.ActiveCfg = Debug|Any CPU
		{FB628CA9-5021-4817-8DBF-E1F49BE2A2BC}.Debug|Any CPU.Build.0 = Debug|Any CPU
		{FB628CA9-5021-4817-8DBF-E1F49BE2A2BC}.Release|Any CPU.ActiveCfg = Release|Any CPU
		{FB628CA9-5021-4817-8DBF-E1F49BE2A2BC}.Release|Any CPU.Build.0 = Release|Any CPU
	EndGlobalSection
	GlobalSection(SolutionProperties) = preSolution
		HideSolutionNode = FALSE
	EndGlobalSection
	GlobalSection(ExtensibilityGlobals) = postSolution
		SolutionGuid = {FD1FF0CB-E9D9-4187-9108-C7428345BB24}
	EndGlobalSection
EndGlobal
